<?xml version="1.0" encoding="UTF-8"?>
<Project xmlns="http://schemas.microsoft.com/developer/msbuild/2003" ToolsVersion="4.0">
  <ItemGroup Label="Filters">
    <Filter Include="Source Files">
      <Extensions>cpp;c;cc;cxx;def;odl;idl;hpj;bat;asm;asmx</Extensions>
    </Filter>
    <Filter Include="Header Files">
      <Extensions>h;hpp;hxx;hm;inl;inc;xsd</Extensions>
    </Filter>
    <Filter Include="Resource Files">
      <Extensions>rc;ico;cur;bmp;dlg;rc2;rct;bin;rgs;gif;jpg;jpeg;jpe;resx;tiff;tif;png;wav</Extensions>
    </Filter>
  </ItemGroup>
  <ItemGroup Label="Sources">
    <ClCompile Include="src\main\cpp\controllers\AutoController.cpp">
      <Filter>Source Files</Filter>
    </ClCompile>
    <ClCompile Include="src\main\cpp\controllers\TeleopController.cpp">
      <Filter>Source Files</Filter>
    </ClCompile>
    <ClCompile Include="src\main\cpp\OI.cpp">
      <Filter>Source Files</Filter>
    </ClCompile>
    <ClCompile Include="src\main\cpp\pathfollower\Path.cpp">
      <Filter>Source Files</Filter>
    </ClCompile>
    <ClCompile Include="src\main\cpp\Robot.cpp">
      <Filter>Source Files</Filter>
    </ClCompile>
    <ClCompile Include="src\main\cpp\subsystems\Drivetrain.cpp">
      <Filter>Source Files</Filter>
    </ClCompile>
    <ClCompile Include="src\main\cpp\subsystems\Hopper.cpp">
      <Filter>Source Files</Filter>
    </ClCompile>
    <ClCompile Include="src\main\cpp\subsystems\Intake.cpp">
      <Filter>Source Files</Filter>
    </ClCompile>
    <ClCompile Include="src\main\cpp\subsystems\Shooter.cpp">
      <Filter>Source Files</Filter>
    </ClCompile>
    <ClCompile Include="build.gradle">
      <Filter>Source Files</Filter>
    </ClCompile>
  </ItemGroup>
  <ItemGroup Label="Headers">
    <ClInclude Include="src\main\include\Constants.h">
      <Filter>Header Files</Filter>
    </ClInclude>
    <ClInclude Include="src\main\include\controllers\AutoController.h">
      <Filter>Header Files</Filter>
    </ClInclude>
    <ClInclude Include="src\main\include\controllers\TeleopController.h">
      <Filter>Header Files</Filter>
    </ClInclude>
    <ClInclude Include="src\main\include\OI.h">
      <Filter>Header Files</Filter>
    </ClInclude>
    <ClInclude Include="src\main\include\pathfollower\Path.h">
      <Filter>Header Files</Filter>
    </ClInclude>
    <ClInclude Include="src\main\include\Robot.h">
      <Filter>Header Files</Filter>
    </ClInclude>
    <ClInclude Include="src\main\include\subsystems\Drivetrain.h">
      <Filter>Header Files</Filter>
    </ClInclude>
    <ClInclude Include="src\main\include\subsystems\Hopper.h">
      <Filter>Header Files</Filter>
    </ClInclude>
    <ClInclude Include="src\main\include\subsystems\Intake.h">
      <Filter>Header Files</Filter>
    </ClInclude>
    <ClInclude Include="src\main\include\subsystems\Shooter.h">
      <Filter>Header Files</Filter>
    </ClInclude>
  </ItemGroup>
</Project>
