Microsoft Visual Studio Solution File, Format Version 11.00
# Visual C++ Express 2010

Project("{8BC9CEB8-8B4A-11D0-8D11-00A0C91BC942}") = "frcUserProgramExe", "C:\Users\CHS Robotics\git\InfiniteRechargeCPP\frcUserProgramExe.vcxproj", "{58B6AC1F-8E4B-3BD0-98F4-DE0DFB75F451}"
EndProject
Project("{8BC9CEB8-8B4A-11D0-8D11-00A0C91BC942}") = "frcUserProgramTestExe", "C:\Users\CHS Robotics\git\InfiniteRechargeCPP\frcUserProgramTestExe.vcxproj", "{46A95B2A-B793-319E-B1B3-4C360083D8AE}"
EndProject
Global
	GlobalSection(SolutionConfigurationPlatforms) = preSolution
		linuxathenaDebug|Win32 = linuxathenaDebug|Win32
		linuxathenaRelease|Win32 = linuxathenaRelease|Win32
		windowsx86-64Debug|Win32 = windowsx86-64Debug|Win32
		windowsx86-64Release|Win32 = windowsx86-64Release|Win32
	EndGlobalSection
	GlobalSection(ProjectConfigurationPlatforms) = postSolution
		{58B6AC1F-8E4B-3BD0-98F4-DE0DFB75F451}.linuxathenaDebug|Win32.ActiveCfg = linuxathenaDebug|Win32
		{58B6AC1F-8E4B-3BD0-98F4-DE0DFB75F451}.linuxathenaDebug|Win32.Build.0 = linuxathenaDebug|Win32
		{58B6AC1F-8E4B-3BD0-98F4-DE0DFB75F451}.linuxathenaRelease|Win32.ActiveCfg = linuxathenaRelease|Win32
		{58B6AC1F-8E4B-3BD0-98F4-DE0DFB75F451}.linuxathenaRelease|Win32.Build.0 = linuxathenaRelease|Win32
		{58B6AC1F-8E4B-3BD0-98F4-DE0DFB75F451}.windowsx86-64Debug|Win32.ActiveCfg = windowsx86-64Debug|Win32
		{58B6AC1F-8E4B-3BD0-98F4-DE0DFB75F451}.windowsx86-64Debug|Win32.Build.0 = windowsx86-64Debug|Win32
		{58B6AC1F-8E4B-3BD0-98F4-DE0DFB75F451}.windowsx86-64Release|Win32.ActiveCfg = windowsx86-64Release|Win32
		{58B6AC1F-8E4B-3BD0-98F4-DE0DFB75F451}.windowsx86-64Release|Win32.Build.0 = windowsx86-64Release|Win32
		{46A95B2A-B793-319E-B1B3-4C360083D8AE}.linuxathenaDebug|Win32.ActiveCfg = windowsx86-64Release|Win32
		{46A95B2A-B793-319E-B1B3-4C360083D8AE}.linuxathenaRelease|Win32.ActiveCfg = windowsx86-64Release|Win32
		{46A95B2A-B793-319E-B1B3-4C360083D8AE}.windowsx86-64Debug|Win32.ActiveCfg = windowsx86-64Debug|Win32
		{46A95B2A-B793-319E-B1B3-4C360083D8AE}.windowsx86-64Debug|Win32.Build.0 = windowsx86-64Debug|Win32
		{46A95B2A-B793-319E-B1B3-4C360083D8AE}.windowsx86-64Release|Win32.ActiveCfg = windowsx86-64Release|Win32
		{46A95B2A-B793-319E-B1B3-4C360083D8AE}.windowsx86-64Release|Win32.Build.0 = windowsx86-64Release|Win32
	EndGlobalSection
	GlobalSection(SolutionProperties) = preSolution
		HideSolutionNode = FALSE
	EndGlobalSection
EndGlobal
